
Microsoft Visual Studio Solution File, Format Version 12.00
# Visual Studio Version 17
VisualStudioVersion = 17.12.35527.113
MinimumVisualStudioVersion = 10.0.40219.1
Project("{FAE04EC0-301F-11D3-BF4B-00C04F79EFBC}") = "prectise", "prectise\prectise.csproj", "{DB5DFF51-5DD0-4B1F-A80F-A6228C2B1046}"
EndProject
Project("{FAE04EC0-301F-11D3-BF4B-00C04F79EFBC}") = "ObserverDesign", "ObserverDesign\ObserverDesign.csproj", "{5E4C4432-C204-47ED-9E0A-7E69FF3AA824}"
EndProject
Project("{FAE04EC0-301F-11D3-BF4B-00C04F79EFBC}") = "StrategyPattern", "StrategyPattern\StrategyPattern.csproj", "{D6102850-E8F4-4A4B-A14C-793A465E962D}"
EndProject
Project("{FAE04EC0-301F-11D3-BF4B-00C04F79EFBC}") = "AzureFunction", "AzureFunction\AzureFunction.csproj", "{5EB8F20C-429C-4174-9911-E6FEE76CADF1}"
EndProject
Project("{2150E333-8FDC-42A3-9474-1A3956D46DE8}") = "ParkingSpoteFinder", "ParkingSpoteFinder", "{6F9D89D4-071E-4BBF-85EE-E4F28B60F14A}"
EndProject
Project("{2150E333-8FDC-42A3-9474-1A3956D46DE8}") = "Src", "Src", "{74B007AF-3221-4B36-A275-0C4411E4DC92}"
EndProject
Project("{2150E333-8FDC-42A3-9474-1A3956D46DE8}") = "Core", "Core", "{7E5D01D6-A352-454C-BA0E-6C47ED53B346}"
EndProject
Project("{2150E333-8FDC-42A3-9474-1A3956D46DE8}") = "Infrastructure", "Infrastructure", "{D6376082-F895-44A8-8C37-ABAC37F202FC}"
EndProject
Project("{2150E333-8FDC-42A3-9474-1A3956D46DE8}") = "Presentation", "Presentation", "{BA1A5BF5-BCAC-457F-8039-B7891A35FAAE}"
EndProject
Project("{FAE04EC0-301F-11D3-BF4B-00C04F79EFBC}") = "SpoteFinder.Application", "SpoteFinder.Application\SpoteFinder.Application.csproj", "{263D78B3-9D65-428B-879E-9DD6FB07D1F2}"
EndProject
Project("{FAE04EC0-301F-11D3-BF4B-00C04F79EFBC}") = "SpoteFinder.Domain", "SpoteFinder.Domain\SpoteFinder.Domain.csproj", "{16F57C11-D3FA-4E14-BBF5-DD79B620315F}"
EndProject
Project("{FAE04EC0-301F-11D3-BF4B-00C04F79EFBC}") = "SpoteFinder.Persistence", "SpoteFinder.Persistence\SpoteFinder.Persistence.csproj", "{85E752E9-D9B3-4748-9B91-B6D094E27EC2}"
EndProject
Project("{FAE04EC0-301F-11D3-BF4B-00C04F79EFBC}") = "SpoteFinder.Web", "SpoteFinder.Web\SpoteFinder.Web.csproj", "{2C365580-BBA7-4110-8626-D5E0ACA0831C}"
EndProject
Global
	GlobalSection(SolutionConfigurationPlatforms) = preSolution
		Debug|Any CPU = Debug|Any CPU
		Release|Any CPU = Release|Any CPU
	EndGlobalSection
	GlobalSection(ProjectConfigurationPlatforms) = postSolution
		{DB5DFF51-5DD0-4B1F-A80F-A6228C2B1046}.Debug|Any CPU.ActiveCfg = Debug|Any CPU
		{DB5DFF51-5DD0-4B1F-A80F-A6228C2B1046}.Debug|Any CPU.Build.0 = Debug|Any CPU
		{DB5DFF51-5DD0-4B1F-A80F-A6228C2B1046}.Release|Any CPU.ActiveCfg = Release|Any CPU
		{DB5DFF51-5DD0-4B1F-A80F-A6228C2B1046}.Release|Any CPU.Build.0 = Release|Any CPU
		{5E4C4432-C204-47ED-9E0A-7E69FF3AA824}.Debug|Any CPU.ActiveCfg = Debug|Any CPU
		{5E4C4432-C204-47ED-9E0A-7E69FF3AA824}.Debug|Any CPU.Build.0 = Debug|Any CPU
		{5E4C4432-C204-47ED-9E0A-7E69FF3AA824}.Release|Any CPU.ActiveCfg = Release|Any CPU
		{5E4C4432-C204-47ED-9E0A-7E69FF3AA824}.Release|Any CPU.Build.0 = Release|Any CPU
		{D6102850-E8F4-4A4B-A14C-793A465E962D}.Debug|Any CPU.ActiveCfg = Debug|Any CPU
		{D6102850-E8F4-4A4B-A14C-793A465E962D}.Debug|Any CPU.Build.0 = Debug|Any CPU
		{D6102850-E8F4-4A4B-A14C-793A465E962D}.Release|Any CPU.ActiveCfg = Release|Any CPU
		{D6102850-E8F4-4A4B-A14C-793A465E962D}.Release|Any CPU.Build.0 = Release|Any CPU
		{5EB8F20C-429C-4174-9911-E6FEE76CADF1}.Debug|Any CPU.ActiveCfg = Debug|Any CPU
		{5EB8F20C-429C-4174-9911-E6FEE76CADF1}.Debug|Any CPU.Build.0 = Debug|Any CPU
		{5EB8F20C-429C-4174-9911-E6FEE76CADF1}.Release|Any CPU.ActiveCfg = Release|Any CPU
		{5EB8F20C-429C-4174-9911-E6FEE76CADF1}.Release|Any CPU.Build.0 = Release|Any CPU
		{263D78B3-9D65-428B-879E-9DD6FB07D1F2}.Debug|Any CPU.ActiveCfg = Debug|Any CPU
		{263D78B3-9D65-428B-879E-9DD6FB07D1F2}.Debug|Any CPU.Build.0 = Debug|Any CPU
		{263D78B3-9D65-428B-879E-9DD6FB07D1F2}.Release|Any CPU.ActiveCfg = Release|Any CPU
		{263D78B3-9D65-428B-879E-9DD6FB07D1F2}.Release|Any CPU.Build.0 = Release|Any CPU
		{16F57C11-D3FA-4E14-BBF5-DD79B620315F}.Debug|Any CPU.ActiveCfg = Debug|Any CPU
		{16F57C11-D3FA-4E14-BBF5-DD79B620315F}.Debug|Any CPU.Build.0 = Debug|Any CPU
		{16F57C11-D3FA-4E14-BBF5-DD79B620315F}.Release|Any CPU.ActiveCfg = Release|Any CPU
		{16F57C11-D3FA-4E14-BBF5-DD79B620315F}.Release|Any CPU.Build.0 = Release|Any CPU
		{85E752E9-D9B3-4748-9B91-B6D094E27EC2}.Debug|Any CPU.ActiveCfg = Debug|Any CPU
		{85E752E9-D9B3-4748-9B91-B6D094E27EC2}.Debug|Any CPU.Build.0 = Debug|Any CPU
		{85E752E9-D9B3-4748-9B91-B6D094E27EC2}.Release|Any CPU.ActiveCfg = Release|Any CPU
		{85E752E9-D9B3-4748-9B91-B6D094E27EC2}.Release|Any CPU.Build.0 = Release|Any CPU
		{2C365580-BBA7-4110-8626-D5E0ACA0831C}.Debug|Any CPU.ActiveCfg = Debug|Any CPU
		{2C365580-BBA7-4110-8626-D5E0ACA0831C}.Debug|Any CPU.Build.0 = Debug|Any CPU
		{2C365580-BBA7-4110-8626-D5E0ACA0831C}.Release|Any CPU.ActiveCfg = Release|Any CPU
		{2C365580-BBA7-4110-8626-D5E0ACA0831C}.Release|Any CPU.Build.0 = Release|Any CPU
	EndGlobalSection
	GlobalSection(SolutionProperties) = preSolution
		HideSolutionNode = FALSE
	EndGlobalSection
	GlobalSection(NestedProjects) = preSolution
		{74B007AF-3221-4B36-A275-0C4411E4DC92} = {6F9D89D4-071E-4BBF-85EE-E4F28B60F14A}
		{7E5D01D6-A352-454C-BA0E-6C47ED53B346} = {74B007AF-3221-4B36-A275-0C4411E4DC92}
		{D6376082-F895-44A8-8C37-ABAC37F202FC} = {74B007AF-3221-4B36-A275-0C4411E4DC92}
		{BA1A5BF5-BCAC-457F-8039-B7891A35FAAE} = {74B007AF-3221-4B36-A275-0C4411E4DC92}
		{263D78B3-9D65-428B-879E-9DD6FB07D1F2} = {7E5D01D6-A352-454C-BA0E-6C47ED53B346}
		{16F57C11-D3FA-4E14-BBF5-DD79B620315F} = {7E5D01D6-A352-454C-BA0E-6C47ED53B346}
		{85E752E9-D9B3-4748-9B91-B6D094E27EC2} = {D6376082-F895-44A8-8C37-ABAC37F202FC}
		{2C365580-BBA7-4110-8626-D5E0ACA0831C} = {BA1A5BF5-BCAC-457F-8039-B7891A35FAAE}
	EndGlobalSection
EndGlobal
